
Microsoft Visual Studio Solution File, Format Version 12.00
# Visual Studio Version 17
VisualStudioVersion = 17.3.32819.101
MinimumVisualStudioVersion = 10.0.40219.1
Project("{9A19103F-16F7-4668-BE54-9A1E7A4F7556}") = "VeryTinyProxy", "src\verytinyproxy\VeryTinyProxy.csproj", "{D6FC6527-8E7A-47CE-BB78-804040E26C8C}"
EndProject
Global
	GlobalSection(SolutionConfigurationPlatforms) = preSolution
		Debug|Any CPU = Debug|Any CPU
		Release|Any CPU = Release|Any CPU
	EndGlobalSection
	GlobalSection(ProjectConfigurationPlatforms) = postSolution
		{D6FC6527-8E7A-47CE-BB78-804040E26C8C}.Debug|Any CPU.ActiveCfg = Debug|Any CPU
		{D6FC6527-8E7A-47CE-BB78-804040E26C8C}.Debug|Any CPU.Build.0 = Debug|Any CPU
		{D6FC6527-8E7A-47CE-BB78-804040E26C8C}.Release|Any CPU.ActiveCfg = Release|Any CPU
		{D6FC6527-8E7A-47CE-BB78-804040E26C8C}.Release|Any CPU.Build.0 = Release|Any CPU
	EndGlobalSection
	GlobalSection(SolutionProperties) = preSolution
		HideSolutionNode = FALSE
	EndGlobalSection
	GlobalSection(ExtensibilityGlobals) = postSolution
		SolutionGuid = {327D22F5-C500-4BA7-ABE8-F942B30C75AC}
	EndGlobalSection
EndGlobal
